{
    "name": "jsproptest-lab",
    "lockfileVersion": 3,
    "requires": true,
    "packages": {
        "": {
            "name": "jsproptest-lab",
            "hasInstallScript": true,
            "dependencies": {
                "jsproptest": "github:kindone/jsproptest"
            },
            "engines": {
                "node": "^18.18.0 || ^20.9.0 || >=21.1.0"
            }
        },
        "node_modules/@types/random-js": {
            "version": "2.0.0",
            "resolved": "https://registry.npmjs.org/@types/random-js/-/random-js-2.0.0.tgz",
            "integrity": "sha512-w5SYoPRTO1mnPbk6A7BRvptNnGtil/F8JKq8IsNq3aPy4gStcUWqO/MwVhUrrumDdMPKCpgv44mP6UToEe3v7g==",
            "deprecated": "This is a stub types definition. random-js provides its own type definitions, so you do not need this installed.",
            "license": "MIT",
            "dependencies": {
                "random-js": "*"
            }
        },
        "node_modules/jsproptest": {
            "version": "0.5.4",
            "resolved": "git+ssh://git@github.com/kindone/jsproptest.git#b52662802b238afc395402ca7f0cb55d001969db",
            "license": "MIT",
            "dependencies": {
                "@types/random-js": "^2.0.0",
                "rand-seed": "^2.1.7",
                "random-js": "^2.1.0"
            },
            "engines": {
                "node": "^18.18.0 || ^20.9.0 || >=21.1.0"
            }
        },
        "node_modules/rand-seed": {
            "version": "2.1.7",
            "resolved": "https://registry.npmjs.org/rand-seed/-/rand-seed-2.1.7.tgz",
            "integrity": "sha512-Yaz75D2fTWtIr69iDd+PGwtQkFkqOIMQZl+W8U3NMR6F2a1UEk2FmnQkNd6Z1eNtL96Z5nznw5PKYk1Z9m6lxw==",
            "license": "MIT"
        },
        "node_modules/random-js": {
            "version": "2.1.0",
            "resolved": "https://registry.npmjs.org/random-js/-/random-js-2.1.0.tgz",
            "integrity": "sha512-CRUyWmnzmZBA7RZSVGq0xMqmgCyPPxbiKNLFA5ud7KenojVX2s7Gv+V7eB52beKTPGxWRnVZ7D/tCIgYJJ8vNQ==",
            "license": "MIT"
        }
    }
}
